
Microsoft Visual Studio Solution File, Format Version 12.00
# Visual Studio Version 17
VisualStudioVersion = 17.4.33213.308
MinimumVisualStudioVersion = 10.0.40219.1
Project("{FAE04EC0-301F-11D3-BF4B-00C04F79EFBC}") = "Lesson12_Dapper", "Lesson12_Dapper\Lesson12_Dapper.csproj", "{C9CE3210-E19F-4613-AA96-879264941131}"
EndProject
Global
	GlobalSection(SolutionConfigurationPlatforms) = preSolution
		Debug|Any CPU = Debug|Any CPU
		Release|Any CPU = Release|Any CPU
	EndGlobalSection
	GlobalSection(ProjectConfigurationPlatforms) = postSolution
		{C9CE3210-E19F-4613-AA96-879264941131}.Debug|Any CPU.ActiveCfg = Debug|Any CPU
		{C9CE3210-E19F-4613-AA96-879264941131}.Debug|Any CPU.Build.0 = Debug|Any CPU
		{C9CE3210-E19F-4613-AA96-879264941131}.Release|Any CPU.ActiveCfg = Release|Any CPU
		{C9CE3210-E19F-4613-AA96-879264941131}.Release|Any CPU.Build.0 = Release|Any CPU
	EndGlobalSection
	GlobalSection(SolutionProperties) = preSolution
		HideSolutionNode = FALSE
	EndGlobalSection
	GlobalSection(ExtensibilityGlobals) = postSolution
		SolutionGuid = {A06B0CE9-E18C-4C90-972F-C9A82F0FC7A5}
	EndGlobalSection
EndGlobal
